
Microsoft Visual Studio Solution File, Format Version 12.00
# Visual Studio Version 17
VisualStudioVersion = 17.8.34309.116
MinimumVisualStudioVersion = 10.0.40219.1
Project("{9A19103F-16F7-4668-BE54-9A1E7A4F7556}") = "DevFreela.API", "DevFreela.API\DevFreela.API.csproj", "{E0AC1F7B-B741-4343-A4B5-343C20523911}"
EndProject
Project("{9A19103F-16F7-4668-BE54-9A1E7A4F7556}") = "DevFreela.Core", "DevFreela.Core\DevFreela.Core.csproj", "{20C97F8A-6F22-4389-8E8D-9BB2827741D9}"
EndProject
Project("{9A19103F-16F7-4668-BE54-9A1E7A4F7556}") = "DevFreela.Infrastructure", "DevFreela.Infrastructure\DevFreela.Infrastructure.csproj", "{1127B904-BA5B-4132-BB41-D59219F4E9B0}"
EndProject
Project("{FAE04EC0-301F-11D3-BF4B-00C04F79EFBC}") = "DevFreela.Application", "DevFreela.Application\DevFreela.Application.csproj", "{9E430DF7-DBDB-4AE1-91DF-8024E1C431AA}"
EndProject
Global
	GlobalSection(SolutionConfigurationPlatforms) = preSolution
		Debug|Any CPU = Debug|Any CPU
		Release|Any CPU = Release|Any CPU
	EndGlobalSection
	GlobalSection(ProjectConfigurationPlatforms) = postSolution
		{E0AC1F7B-B741-4343-A4B5-343C20523911}.Debug|Any CPU.ActiveCfg = Debug|Any CPU
		{E0AC1F7B-B741-4343-A4B5-343C20523911}.Debug|Any CPU.Build.0 = Debug|Any CPU
		{E0AC1F7B-B741-4343-A4B5-343C20523911}.Release|Any CPU.ActiveCfg = Release|Any CPU
		{E0AC1F7B-B741-4343-A4B5-343C20523911}.Release|Any CPU.Build.0 = Release|Any CPU
		{20C97F8A-6F22-4389-8E8D-9BB2827741D9}.Debug|Any CPU.ActiveCfg = Debug|Any CPU
		{20C97F8A-6F22-4389-8E8D-9BB2827741D9}.Debug|Any CPU.Build.0 = Debug|Any CPU
		{20C97F8A-6F22-4389-8E8D-9BB2827741D9}.Release|Any CPU.ActiveCfg = Release|Any CPU
		{20C97F8A-6F22-4389-8E8D-9BB2827741D9}.Release|Any CPU.Build.0 = Release|Any CPU
		{1127B904-BA5B-4132-BB41-D59219F4E9B0}.Debug|Any CPU.ActiveCfg = Debug|Any CPU
		{1127B904-BA5B-4132-BB41-D59219F4E9B0}.Debug|Any CPU.Build.0 = Debug|Any CPU
		{1127B904-BA5B-4132-BB41-D59219F4E9B0}.Release|Any CPU.ActiveCfg = Release|Any CPU
		{1127B904-BA5B-4132-BB41-D59219F4E9B0}.Release|Any CPU.Build.0 = Release|Any CPU
		{9E430DF7-DBDB-4AE1-91DF-8024E1C431AA}.Debug|Any CPU.ActiveCfg = Debug|Any CPU
		{9E430DF7-DBDB-4AE1-91DF-8024E1C431AA}.Debug|Any CPU.Build.0 = Debug|Any CPU
		{9E430DF7-DBDB-4AE1-91DF-8024E1C431AA}.Release|Any CPU.ActiveCfg = Release|Any CPU
		{9E430DF7-DBDB-4AE1-91DF-8024E1C431AA}.Release|Any CPU.Build.0 = Release|Any CPU
	EndGlobalSection
	GlobalSection(SolutionProperties) = preSolution
		HideSolutionNode = FALSE
	EndGlobalSection
	GlobalSection(ExtensibilityGlobals) = postSolution
		SolutionGuid = {BC31CBD8-79FC-487E-9C78-F27403E33CAE}
	EndGlobalSection
EndGlobal
