
Microsoft Visual Studio Solution File, Format Version 12.00
# Visual Studio Version 17
VisualStudioVersion = 17.9.34723.18
MinimumVisualStudioVersion = 10.0.40219.1
Project("{FAE04EC0-301F-11D3-BF4B-00C04F79EFBC}") = "DevFreela.Payments.API", "DevFreela.Payments.API\DevFreela.Payments.API.csproj", "{2C04F0A7-298E-42F9-9C54-C2C3B66F1C9D}"
EndProject
Global
	GlobalSection(SolutionConfigurationPlatforms) = preSolution
		Debug|Any CPU = Debug|Any CPU
		Release|Any CPU = Release|Any CPU
	EndGlobalSection
	GlobalSection(ProjectConfigurationPlatforms) = postSolution
		{2C04F0A7-298E-42F9-9C54-C2C3B66F1C9D}.Debug|Any CPU.ActiveCfg = Debug|Any CPU
		{2C04F0A7-298E-42F9-9C54-C2C3B66F1C9D}.Debug|Any CPU.Build.0 = Debug|Any CPU
		{2C04F0A7-298E-42F9-9C54-C2C3B66F1C9D}.Release|Any CPU.ActiveCfg = Release|Any CPU
		{2C04F0A7-298E-42F9-9C54-C2C3B66F1C9D}.Release|Any CPU.Build.0 = Release|Any CPU
	EndGlobalSection
	GlobalSection(SolutionProperties) = preSolution
		HideSolutionNode = FALSE
	EndGlobalSection
	GlobalSection(ExtensibilityGlobals) = postSolution
		SolutionGuid = {BCCB763B-91CC-4EC0-94C9-242F85FF35BA}
	EndGlobalSection
EndGlobal
